
Microsoft Visual Studio Solution File, Format Version 12.00
# Visual Studio Version 17
VisualStudioVersion = 17.11.35222.181
MinimumVisualStudioVersion = 10.0.40219.1
Project("{9A19103F-16F7-4668-BE54-9A1E7A4F7556}") = "FamilyCalender.Core", "FamilyCalender.Core\FamilyCalender.Core.csproj", "{E7883EA9-F3E6-4E6F-8036-D4F528290C95}"
EndProject
Project("{9A19103F-16F7-4668-BE54-9A1E7A4F7556}") = "FamilyCalender.Infrastructure", "FamilyCalender.Infrastructure\FamilyCalender.Infrastructure.csproj", "{5E626CDB-0281-43F0-9E82-D34FC0848956}"
EndProject
Project("{9A19103F-16F7-4668-BE54-9A1E7A4F7556}") = "FamilyCalender.Web", "FamilyCalender.Web\FamilyCalender.Web.csproj", "{09E3ECAC-8787-4631-9A17-87B6058DE7FD}"
EndProject
Global
	GlobalSection(SolutionConfigurationPlatforms) = preSolution
		Debug|Any CPU = Debug|Any CPU
		Release|Any CPU = Release|Any CPU
	EndGlobalSection
	GlobalSection(ProjectConfigurationPlatforms) = postSolution
		{E7883EA9-F3E6-4E6F-8036-D4F528290C95}.Debug|Any CPU.ActiveCfg = Debug|Any CPU
		{E7883EA9-F3E6-4E6F-8036-D4F528290C95}.Debug|Any CPU.Build.0 = Debug|Any CPU
		{E7883EA9-F3E6-4E6F-8036-D4F528290C95}.Release|Any CPU.ActiveCfg = Release|Any CPU
		{E7883EA9-F3E6-4E6F-8036-D4F528290C95}.Release|Any CPU.Build.0 = Release|Any CPU
		{5E626CDB-0281-43F0-9E82-D34FC0848956}.Debug|Any CPU.ActiveCfg = Debug|Any CPU
		{5E626CDB-0281-43F0-9E82-D34FC0848956}.Debug|Any CPU.Build.0 = Debug|Any CPU
		{5E626CDB-0281-43F0-9E82-D34FC0848956}.Release|Any CPU.ActiveCfg = Release|Any CPU
		{5E626CDB-0281-43F0-9E82-D34FC0848956}.Release|Any CPU.Build.0 = Release|Any CPU
		{09E3ECAC-8787-4631-9A17-87B6058DE7FD}.Debug|Any CPU.ActiveCfg = Debug|Any CPU
		{09E3ECAC-8787-4631-9A17-87B6058DE7FD}.Debug|Any CPU.Build.0 = Debug|Any CPU
		{09E3ECAC-8787-4631-9A17-87B6058DE7FD}.Release|Any CPU.ActiveCfg = Release|Any CPU
		{09E3ECAC-8787-4631-9A17-87B6058DE7FD}.Release|Any CPU.Build.0 = Release|Any CPU
	EndGlobalSection
	GlobalSection(SolutionProperties) = preSolution
		HideSolutionNode = FALSE
	EndGlobalSection
	GlobalSection(ExtensibilityGlobals) = postSolution
		SolutionGuid = {36D51EBF-CC53-4A97-9A8C-F8A91E32806C}
	EndGlobalSection
EndGlobal
